// !$*UTF8*$!
{
	archiveVersion = 1;
	classes = {
	};
	objectVersion = 55;
	objects = {

/* Begin PBXBuildFile section */
		44423B1D2790A11100E407DD /* ChatRoomApp.swift in Sources */ = {isa = PBXBuildFile; fileRef = 44423B1C2790A11100E407DD /* ChatRoomApp.swift */; };
		44423B1F2790A11100E407DD /* ContentView.swift in Sources */ = {isa = PBXBuildFile; fileRef = 44423B1E2790A11100E407DD /* ContentView.swift */; };
		44423B212790A11300E407DD /* Assets.xcassets in Resources */ = {isa = PBXBuildFile; fileRef = 44423B202790A11300E407DD /* Assets.xcassets */; };
		44423B242790A11300E407DD /* Preview Assets.xcassets in Resources */ = {isa = PBXBuildFile; fileRef = 44423B232790A11300E407DD /* Preview Assets.xcassets */; };
		44423B2E2790A11300E407DD /* ChatRoomTests.swift in Sources */ = {isa = PBXBuildFile; fileRef = 44423B2D2790A11300E407DD /* ChatRoomTests.swift */; };
		44423B382790A11300E407DD /* ChatRoomUITests.swift in Sources */ = {isa = PBXBuildFile; fileRef = 44423B372790A11300E407DD /* ChatRoomUITests.swift */; };
		44423B3A2790A11300E407DD /* ChatRoomUITestsLaunchTests.swift in Sources */ = {isa = PBXBuildFile; fileRef = 44423B392790A11300E407DD /* ChatRoomUITestsLaunchTests.swift */; };
/* End PBXBuildFile section */

/* Begin PBXContainerItemProxy section */
		44423B2A2790A11300E407DD /* PBXContainerItemProxy */ = {
			isa = PBXContainerItemProxy;
			containerPortal = 44423B112790A11100E407DD /* Project object */;
			proxyType = 1;
			remoteGlobalIDString = 44423B182790A11100E407DD;
			remoteInfo = ChatRoom;
		};
		44423B342790A11300E407DD /* PBXContainerItemProxy */ = {
			isa = PBXContainerItemProxy;
			containerPortal = 44423B112790A11100E407DD /* Project object */;
			proxyType = 1;
			remoteGlobalIDString = 44423B182790A11100E407DD;
			remoteInfo = ChatRoom;
		};
/* End PBXContainerItemProxy section */

/* Begin PBXFileReference section */
		44423B192790A11100E407DD /* ChatRoom.app */ = {isa = PBXFileReference; explicitFileType = wrapper.application; includeInIndex = 0; path = ChatRoom.app; sourceTree = BUILT_PRODUCTS_DIR; };
		44423B1C2790A11100E407DD /* ChatRoomApp.swift */ = {isa = PBXFileReference; lastKnownFileType = sourcecode.swift; path = ChatRoomApp.swift; sourceTree = "<group>"; };
		44423B1E2790A11100E407DD /* ContentView.swift */ = {isa = PBXFileReference; lastKnownFileType = sourcecode.swift; path = ContentView.swift; sourceTree = "<group>"; };
		44423B202790A11300E407DD /* Assets.xcassets */ = {isa = PBXFileReference; lastKnownFileType = folder.assetcatalog; path = Assets.xcassets; sourceTree = "<group>"; };
		44423B232790A11300E407DD /* Preview Assets.xcassets */ = {isa = PBXFileReference; lastKnownFileType = folder.assetcatalog; path = "Preview Assets.xcassets"; sourceTree = "<group>"; };
		44423B292790A11300E407DD /* ChatRoomTests.xctest */ = {isa = PBXFileReference; explicitFileType = wrapper.cfbundle; includeInIndex = 0; path = ChatRoomTests.xctest; sourceTree = BUILT_PRODUCTS_DIR; };
		44423B2D2790A11300E407DD /* ChatRoomTests.swift */ = {isa = PBXFileReference; lastKnownFileType = sourcecode.swift; path = ChatRoomTests.swift; sourceTree = "<group>"; };
		44423B332790A11300E407DD /* ChatRoomUITests.xctest */ = {isa = PBXFileReference; explicitFileType = wrapper.cfbundle; includeInIndex = 0; path = ChatRoomUITests.xctest; sourceTree = BUILT_PRODUCTS_DIR; };
		44423B372790A11300E407DD /* ChatRoomUITests.swift */ = {isa = PBXFileReference; lastKnownFileType = sourcecode.swift; path = ChatRoomUITests.swift; sourceTree = "<group>"; };
		44423B392790A11300E407DD /* ChatRoomUITestsLaunchTests.swift */ = {isa = PBXFileReference; lastKnownFileType = sourcecode.swift; path = ChatRoomUITestsLaunchTests.swift; sourceTree = "<group>"; };
/* End PBXFileReference section */

/* Begin PBXFrameworksBuildPhase section */
		44423B162790A11100E407DD /* Frameworks */ = {
			isa = PBXFrameworksBuildPhase;
			buildActionMask = 2147483647;
			files = (
			);
			runOnlyForDeploymentPostprocessing = 0;
		};
		44423B262790A11300E407DD /* Frameworks */ = {
			isa = PBXFrameworksBuildPhase;
			buildActionMask = 2147483647;
			files = (
			);
			runOnlyForDeploymentPostprocessing = 0;
		};
		44423B302790A11300E407DD /* Frameworks */ = {
			isa = PBXFrameworksBuildPhase;
			buildActionMask = 2147483647;
			files = (
			);
			runOnlyForDeploymentPostprocessing = 0;
		};
/* End PBXFrameworksBuildPhase section */

/* Begin PBXGroup section */
		44423B102790A11100E407DD = {
			isa = PBXGroup;
			children = (
				44423B1B2790A11100E407DD /* ChatRoom */,
				44423B2C2790A11300E407DD /* ChatRoomTests */,
				44423B362790A11300E407DD /* ChatRoomUITests */,
				44423B1A2790A11100E407DD /* Products */,
			);
			sourceTree = "<group>";
		};
		44423B1A2790A11100E407DD /* Products */ = {
			isa = PBXGroup;
			children = (
				44423B192790A11100E407DD /* ChatRoom.app */,
				44423B292790A11300E407DD /* ChatRoomTests.xctest */,
				44423B332790A11300E407DD /* ChatRoomUITests.xctest */,
			);
			name = Products;
			sourceTree = "<group>";
		};
		44423B1B2790A11100E407DD /* ChatRoom */ = {
			isa = PBXGroup;
			children = (
				44423B1C2790A11100E407DD /* ChatRoomApp.swift */,
				44423B1E2790A11100E407DD /* ContentView.swift */,
				44423B202790A11300E407DD /* Assets.xcassets */,
				44423B222790A11300E407DD /* Preview Content */,
			);
			path = ChatRoom;
			sourceTree = "<group>";
		};
		44423B222790A11300E407DD /* Preview Content */ = {
			isa = PBXGroup;
			children = (
				44423B232790A11300E407DD /* Preview Assets.xcassets */,
			);
			path = "Preview Content";
			sourceTree = "<group>";
		};
		44423B2C2790A11300E407DD /* ChatRoomTests */ = {
			isa = PBXGroup;
			children = (
				44423B2D2790A11300E407DD /* ChatRoomTests.swift */,
			);
			path = ChatRoomTests;
			sourceTree = "<group>";
		};
		44423B362790A11300E407DD /* ChatRoomUITests */ = {
			isa = PBXGroup;
			children = (
				44423B372790A11300E407DD /* ChatRoomUITests.swift */,
				44423B392790A11300E407DD /* ChatRoomUITestsLaunchTests.swift */,
			);
			path = ChatRoomUITests;
			sourceTree = "<group>";
		};
/* End PBXGroup section */

/* Begin PBXNativeTarget section */
		44423B182790A11100E407DD /* ChatRoom */ = {
			isa = PBXNativeTarget;
			buildConfigurationList = 44423B3D2790A11300E407DD /* Build configuration list for PBXNativeTarget "ChatRoom" */;
			buildPhases = (
				44423B152790A11100E407DD /* Sources */,
				44423B162790A11100E407DD /* Frameworks */,
				44423B172790A11100E407DD /* Resources */,
			);
			buildRules = (
			);
			dependencies = (
			);
			name = ChatRoom;
			productName = ChatRoom;
			productReference = 44423B192790A11100E407DD /* ChatRoom.app */;
			productType = "com.apple.product-type.application";
		};
		44423B282790A11300E407DD /* ChatRoomTests */ = {
			isa = PBXNativeTarget;
			buildConfigurationList = 44423B402790A11300E407DD /* Build configuration list for PBXNativeTarget "ChatRoomTests" */;
			buildPhases = (
				44423B252790A11300E407DD /* Sources */,
				44423B262790A11300E407DD /* Frameworks */,
				44423B272790A11300E407DD /* Resources */,
			);
			buildRules = (
			);
			dependencies = (
				44423B2B2790A11300E407DD /* PBXTargetDependency */,
			);
			name = ChatRoomTests;
			productName = ChatRoomTests;
			productReference = 44423B292790A11300E407DD /* ChatRoomTests.xctest */;
			productType = "com.apple.product-type.bundle.unit-test";
		};
		44423B322790A11300E407DD /* ChatRoomUITests */ = {
			isa = PBXNativeTarget;
			buildConfigurationList = 44423B432790A11300E407DD /* Build configuration list for PBXNativeTarget "ChatRoomUITests" */;
			buildPhases = (
				44423B2F2790A11300E407DD /* Sources */,
				44423B302790A11300E407DD /* Frameworks */,
				44423B312790A11300E407DD /* Resources */,
			);
			buildRules = (
			);
			dependencies = (
				44423B352790A11300E407DD /* PBXTargetDependency */,
			);
			name = ChatRoomUITests;
			productName = ChatRoomUITests;
			productReference = 44423B332790A11300E407DD /* ChatRoomUITests.xctest */;
			productType = "com.apple.product-type.bundle.ui-testing";
		};
/* End PBXNativeTarget section */

/* Begin PBXProject section */
		44423B112790A11100E407DD /* Project object */ = {
			isa = PBXProject;
			attributes = {
				BuildIndependentTargetsInParallel = 1;
				LastSwiftUpdateCheck = 1300;
				LastUpgradeCheck = 1300;
				TargetAttributes = {
					44423B182790A11100E407DD = {
						CreatedOnToolsVersion = 13.0;
					};
					44423B282790A11300E407DD = {
						CreatedOnToolsVersion = 13.0;
						TestTargetID = 44423B182790A11100E407DD;
					};
					44423B322790A11300E407DD = {
						CreatedOnToolsVersion = 13.0;
						TestTargetID = 44423B182790A11100E407DD;
					};
				};
			};
			buildConfigurationList = 44423B142790A11100E407DD /* Build configuration list for PBXProject "ChatRoom" */;
			compatibilityVersion = "Xcode 13.0";
			developmentRegion = en;
			hasScannedForEncodings = 0;
			knownRegions = (
				en,
				Base,
			);
			mainGroup = 44423B102790A11100E407DD;
			productRefGroup = 44423B1A2790A11100E407DD /* Products */;
			projectDirPath = "";
			projectRoot = "";
			targets = (
				44423B182790A11100E407DD /* ChatRoom */,
				44423B282790A11300E407DD /* ChatRoomTests */,
				44423B322790A11300E407DD /* ChatRoomUITests */,
			);
		};
/* End PBXProject section */

/* Begin PBXResourcesBuildPhase section */
		44423B172790A11100E407DD /* Resources */ = {
			isa = PBXResourcesBuildPhase;
			buildActionMask = 2147483647;
			files = (
				44423B242790A11300E407DD /* Preview Assets.xcassets in Resources */,
				44423B212790A11300E407DD /* Assets.xcassets in Resources */,
			);
			runOnlyForDeploymentPostprocessing = 0;
		};
		44423B272790A11300E407DD /* Resources */ = {
			isa = PBXResourcesBuildPhase;
			buildActionMask = 2147483647;
			files = (
			);
			runOnlyForDeploymentPostprocessing = 0;
		};
		44423B312790A11300E407DD /* Resources */ = {
			isa = PBXResourcesBuildPhase;
			buildActionMask = 2147483647;
			files = (
			);
			runOnlyForDeploymentPostprocessing = 0;
		};
/* End PBXResourcesBuildPhase section */

/* Begin PBXSourcesBuildPhase section */
		44423B152790A11100E407DD /* Sources */ = {
			isa = PBXSourcesBuildPhase;
			buildActionMask = 2147483647;
			files = (
				44423B1F2790A11100E407DD /* ContentView.swift in Sources */,
				44423B1D2790A11100E407DD /* ChatRoomApp.swift in Sources */,
			);
			runOnlyForDeploymentPostprocessing = 0;
		};
		44423B252790A11300E407DD /* Sources */ = {
			isa = PBXSourcesBuildPhase;
			buildActionMask = 2147483647;
			files = (
				44423B2E2790A11300E407DD /* ChatRoomTests.swift in Sources */,
			);
			runOnlyForDeploymentPostprocessing = 0;
		};
		44423B2F2790A11300E407DD /* Sources */ = {
			isa = PBXSourcesBuildPhase;
			buildActionMask = 2147483647;
			files = (
				44423B3A2790A11300E407DD /* ChatRoomUITestsLaunchTests.swift in Sources */,
				44423B382790A11300E407DD /* ChatRoomUITests.swift in Sources */,
			);
			runOnlyForDeploymentPostprocessing = 0;
		};
/* End PBXSourcesBuildPhase section */

/* Begin PBXTargetDependency section */
		44423B2B2790A11300E407DD /* PBXTargetDependency */ = {
			isa = PBXTargetDependency;
			target = 44423B182790A11100E407DD /* ChatRoom */;
			targetProxy = 44423B2A2790A11300E407DD /* PBXContainerItemProxy */;
		};
		44423B352790A11300E407DD /* PBXTargetDependency */ = {
			isa = PBXTargetDependency;
			target = 44423B182790A11100E407DD /* ChatRoom */;
			targetProxy = 44423B342790A11300E407DD /* PBXContainerItemProxy */;
		};
/* End PBXTargetDependency section */

/* Begin XCBuildConfiguration section */
		44423B3B2790A11300E407DD /* Debug */ = {
			isa = XCBuildConfiguration;
			buildSettings = {
				ALWAYS_SEARCH_USER_PATHS = NO;
				CLANG_ANALYZER_NONNULL = YES;
				CLANG_ANALYZER_NUMBER_OBJECT_CONVERSION = YES_AGGRESSIVE;
				CLANG_CXX_LANGUAGE_STANDARD = "gnu++17";
				CLANG_CXX_LIBRARY = "libc++";
				CLANG_ENABLE_MODULES = YES;
				CLANG_ENABLE_OBJC_ARC = YES;
				CLANG_ENABLE_OBJC_WEAK = YES;
				CLANG_WARN_BLOCK_CAPTURE_AUTORELEASING = YES;
				CLANG_WARN_BOOL_CONVERSION = YES;
				CLANG_WARN_COMMA = YES;
				CLANG_WARN_CONSTANT_CONVERSION = YES;
				CLANG_WARN_DEPRECATED_OBJC_IMPLEMENTATIONS = YES;
				CLANG_WARN_DIRECT_OBJC_ISA_USAGE = YES_ERROR;
				CLANG_WARN_DOCUMENTATION_COMMENTS = YES;
				CLANG_WARN_EMPTY_BODY = YES;
				CLANG_WARN_ENUM_CONVERSION = YES;
				CLANG_WARN_INFINITE_RECURSION = YES;
				CLANG_WARN_INT_CONVERSION = YES;
				CLANG_WARN_NON_LITERAL_NULL_CONVERSION = YES;
				CLANG_WARN_OBJC_IMPLICIT_RETAIN_SELF = YES;
				CLANG_WARN_OBJC_LITERAL_CONVERSION = YES;
				CLANG_WARN_OBJC_ROOT_CLASS = YES_ERROR;
				CLANG_WARN_QUOTED_INCLUDE_IN_FRAMEWORK_HEADER = YES;
				CLANG_WARN_RANGE_LOOP_ANALYSIS = YES;
				CLANG_WARN_STRICT_PROTOTYPES = YES;
				CLANG_WARN_SUSPICIOUS_MOVE = YES;
				CLANG_WARN_UNGUARDED_AVAILABILITY = YES_AGGRESSIVE;
				CLANG_WARN_UNREACHABLE_CODE = YES;
				CLANG_WARN__DUPLICATE_METHOD_MATCH = YES;
				COPY_PHASE_STRIP = NO;
				DEBUG_INFORMATION_FORMAT = dwarf;
				ENABLE_STRICT_OBJC_MSGSEND = YES;
				ENABLE_TESTABILITY = YES;
				GCC_C_LANGUAGE_STANDARD = gnu11;
				GCC_DYNAMIC_NO_PIC = NO;
				GCC_NO_COMMON_BLOCKS = YES;
				GCC_OPTIMIZATION_LEVEL = 0;
				GCC_PREPROCESSOR_DEFINITIONS = (
					"DEBUG=1",
					"$(inherited)",
				);
				GCC_WARN_64_TO_32_BIT_CONVERSION = YES;
				GCC_WARN_ABOUT_RETURN_TYPE = YES_ERROR;
				GCC_WARN_UNDECLARED_SELECTOR = YES;
				GCC_WARN_UNINITIALIZED_AUTOS = YES_AGGRESSIVE;
				GCC_WARN_UNUSED_FUNCTION = YES;
				GCC_WARN_UNUSED_VARIABLE = YES;
				IPHONEOS_DEPLOYMENT_TARGET = 15.0;
				MTL_ENABLE_DEBUG_INFO = INCLUDE_SOURCE;
				MTL_FAST_MATH = YES;
				ONLY_ACTIVE_ARCH = YES;
				SDKROOT = iphoneos;
				SWIFT_ACTIVE_COMPILATION_CONDITIONS = DEBUG;
				SWIFT_OPTIMIZATION_LEVEL = "-Onone";
			};
			name = Debug;
		};
		44423B3C2790A11300E407DD /* Release */ = {
			isa = XCBuildConfiguration;
			buildSettings = {
				ALWAYS_SEARCH_USER_PATHS = NO;
				CLANG_ANALYZER_NONNULL = YES;
				CLANG_ANALYZER_NUMBER_OBJECT_CONVERSION = YES_AGGRESSIVE;
				CLANG_CXX_LANGUAGE_STANDARD = "gnu++17";
				CLANG_CXX_LIBRARY = "libc++";
				CLANG_ENABLE_MODULES = YES;
				CLANG_ENABLE_OBJC_ARC = YES;
				CLANG_ENABLE_OBJC_WEAK = YES;
				CLANG_WARN_BLOCK_CAPTURE_AUTORELEASING = YES;
				CLANG_WARN_BOOL_CONVERSION = YES;
				CLANG_WARN_COMMA = YES;
				CLANG_WARN_CONSTANT_CONVERSION = YES;
				CLANG_WARN_DEPRECATED_OBJC_IMPLEMENTATIONS = YES;
				CLANG_WARN_DIRECT_OBJC_ISA_USAGE = YES_ERROR;
				CLANG_WARN_DOCUMENTATION_COMMENTS = YES;
				CLANG_WARN_EMPTY_BODY = YES;
				CLANG_WARN_ENUM_CONVERSION = YES;
				CLANG_WARN_INFINITE_RECURSION = YES;
				CLANG_WARN_INT_CONVERSION = YES;
				CLANG_WARN_NON_LITERAL_NULL_CONVERSION = YES;
				CLANG_WARN_OBJC_IMPLICIT_RETAIN_SELF = YES;
				CLANG_WARN_OBJC_LITERAL_CONVERSION = YES;
				CLANG_WARN_OBJC_ROOT_CLASS = YES_ERROR;
				CLANG_WARN_QUOTED_INCLUDE_IN_FRAMEWORK_HEADER = YES;
				CLANG_WARN_RANGE_LOOP_ANALYSIS = YES;
				CLANG_WARN_STRICT_PROTOTYPES = YES;
				CLANG_WARN_SUSPICIOUS_MOVE = YES;
				CLANG_WARN_UNGUARDED_AVAILABILITY = YES_AGGRESSIVE;
				CLANG_WARN_UNREACHABLE_CODE = YES;
				CLANG_WARN__DUPLICATE_METHOD_MATCH = YES;
				COPY_PHASE_STRIP = NO;
				DEBUG_INFORMATION_FORMAT = "dwarf-with-dsym";
				ENABLE_NS_ASSERTIONS = NO;
				ENABLE_STRICT_OBJC_MSGSEND = YES;
				GCC_C_LANGUAGE_STANDARD = gnu11;
				GCC_NO_COMMON_BLOCKS = YES;
				GCC_WARN_64_TO_32_BIT_CONVERSION = YES;
				GCC_WARN_ABOUT_RETURN_TYPE = YES_ERROR;
				GCC_WARN_UNDECLARED_SELECTOR = YES;
				GCC_WARN_UNINITIALIZED_AUTOS = YES_AGGRESSIVE;
				GCC_WARN_UNUSED_FUNCTION = YES;
				GCC_WARN_UNUSED_VARIABLE = YES;
				IPHONEOS_DEPLOYMENT_TARGET = 15.0;
				MTL_ENABLE_DEBUG_INFO = NO;
				MTL_FAST_MATH = YES;
				SDKROOT = iphoneos;
				SWIFT_COMPILATION_MODE = wholemodule;
				SWIFT_OPTIMIZATION_LEVEL = "-O";
				VALIDATE_PRODUCT = YES;
			};
			name = Release;
		};
		44423B3E2790A11300E407DD /* Debug */ = {
			isa = XCBuildConfiguration;
			buildSettings = {
				ASSETCATALOG_COMPILER_APPICON_NAME = AppIcon;
				ASSETCATALOG_COMPILER_GLOBAL_ACCENT_COLOR_NAME = AccentColor;
				CODE_SIGN_STYLE = Automatic;
				CURRENT_PROJECT_VERSION = 1;
				DEVELOPMENT_ASSET_PATHS = "\"ChatRoom/Preview Content\"";
				DEVELOPMENT_TEAM = UF7659N6UE;
				ENABLE_PREVIEWS = YES;
				GENERATE_INFOPLIST_FILE = YES;
				INFOPLIST_KEY_UIApplicationSceneManifest_Generation = YES;
				INFOPLIST_KEY_UIApplicationSupportsIndirectInputEvents = YES;
				INFOPLIST_KEY_UILaunchScreen_Generation = YES;
				INFOPLIST_KEY_UISupportedInterfaceOrientations_iPad = "UIInterfaceOrientationPortrait UIInterfaceOrientationPortraitUpsideDown UIInterfaceOrientationLandscapeLeft UIInterfaceOrientationLandscapeRight";
				INFOPLIST_KEY_UISupportedInterfaceOrientations_iPhone = "UIInterfaceOrientationPortrait UIInterfaceOrientationLandscapeLeft UIInterfaceOrientationLandscapeRight";
				IPHONEOS_DEPLOYMENT_TARGET = 14.0;
				LD_RUNPATH_SEARCH_PATHS = (
					"$(inherited)",
					"@executable_path/Frameworks",
				);
				MARKETING_VERSION = 1.0;
				PRODUCT_BUNDLE_IDENTIFIER = com.ronak.ChatRoom;
				PRODUCT_NAME = "$(TARGET_NAME)";
				SWIFT_EMIT_LOC_STRINGS = YES;
				SWIFT_VERSION = 5.0;
				TARGETED_DEVICE_FAMILY = "1,2";
			};
			name = Debug;
		};
		44423B3F2790A11300E407DD /* Release */ = {
			isa = XCBuildConfiguration;
			buildSettings = {
				ASSETCATALOG_COMPILER_APPICON_NAME = AppIcon;
				ASSETCATALOG_COMPILER_GLOBAL_ACCENT_COLOR_NAME = AccentColor;
				CODE_SIGN_STYLE = Automatic;
				CURRENT_PROJECT_VERSION = 1;
				DEVELOPMENT_ASSET_PATHS = "\"ChatRoom/Preview Content\"";
				DEVELOPMENT_TEAM = UF7659N6UE;
				ENABLE_PREVIEWS = YES;
				GENERATE_INFOPLIST_FILE = YES;
				INFOPLIST_KEY_UIApplicationSceneManifest_Generation = YES;
				INFOPLIST_KEY_UIApplicationSupportsIndirectInputEvents = YES;
				INFOPLIST_KEY_UILaunchScreen_Generation = YES;
				INFOPLIST_KEY_UISupportedInterfaceOrientations_iPad = "UIInterfaceOrientationPortrait UIInterfaceOrientationPortraitUpsideDown UIInterfaceOrientationLandscapeLeft UIInterfaceOrientationLandscapeRight";
				INFOPLIST_KEY_UISupportedInterfaceOrientations_iPhone = "UIInterfaceOrientationPortrait UIInterfaceOrientationLandscapeLeft UIInterfaceOrientationLandscapeRight";
				IPHONEOS_DEPLOYMENT_TARGET = 14.0;
				LD_RUNPATH_SEARCH_PATHS = (
					"$(inherited)",
					"@executable_path/Frameworks",
				);
				MARKETING_VERSION = 1.0;
				PRODUCT_BUNDLE_IDENTIFIER = com.ronak.ChatRoom;
				PRODUCT_NAME = "$(TARGET_NAME)";
				SWIFT_EMIT_LOC_STRINGS = YES;
				SWIFT_VERSION = 5.0;
				TARGETED_DEVICE_FAMILY = "1,2";
			};
			name = Release;
		};
		44423B412790A11300E407DD /* Debug */ = {
			isa = XCBuildConfiguration;
			buildSettings = {
				ALWAYS_EMBED_SWIFT_STANDARD_LIBRARIES = YES;
				BUNDLE_LOADER = "$(TEST_HOST)";
				CODE_SIGN_STYLE = Automatic;
				CURRENT_PROJECT_VERSION = 1;
				DEVELOPMENT_TEAM = UF7659N6UE;
				GENERATE_INFOPLIST_FILE = YES;
				IPHONEOS_DEPLOYMENT_TARGET = 14.0;
				LD_RUNPATH_SEARCH_PATHS = (
					"$(inherited)",
					"@executable_path/Frameworks",
					"@loader_path/Frameworks",
				);
				MARKETING_VERSION = 1.0;
				PRODUCT_BUNDLE_IDENTIFIER = com.ronak.ChatRoomTests;
				PRODUCT_NAME = "$(TARGET_NAME)";
				SWIFT_EMIT_LOC_STRINGS = NO;
				SWIFT_VERSION = 5.0;
				TARGETED_DEVICE_FAMILY = "1,2";
				TEST_HOST = "$(BUILT_PRODUCTS_DIR)/ChatRoom.app/ChatRoom";
			};
			name = Debug;
		};
		44423B422790A11300E407DD /* Release */ = {
			isa = XCBuildConfiguration;
			buildSettings = {
				ALWAYS_EMBED_SWIFT_STANDARD_LIBRARIES = YES;
				BUNDLE_LOADER = "$(TEST_HOST)";
				CODE_SIGN_STYLE = Automatic;
				CURRENT_PROJECT_VERSION = 1;
				DEVELOPMENT_TEAM = UF7659N6UE;
				GENERATE_INFOPLIST_FILE = YES;
				IPHONEOS_DEPLOYMENT_TARGET = 14.0;
				LD_RUNPATH_SEARCH_PATHS = (
					"$(inherited)",
					"@executable_path/Frameworks",
					"@loader_path/Frameworks",
				);
				MARKETING_VERSION = 1.0;
				PRODUCT_BUNDLE_IDENTIFIER = com.ronak.ChatRoomTests;
				PRODUCT_NAME = "$(TARGET_NAME)";
				SWIFT_EMIT_LOC_STRINGS = NO;
				SWIFT_VERSION = 5.0;
				TARGETED_DEVICE_FAMILY = "1,2";
				TEST_HOST = "$(BUILT_PRODUCTS_DIR)/ChatRoom.app/ChatRoom";
			};
			name = Release;
		};
		44423B442790A11300E407DD /* Debug */ = {
			isa = XCBuildConfiguration;
			buildSettings = {
				ALWAYS_EMBED_SWIFT_STANDARD_LIBRARIES = YES;
				CODE_SIGN_STYLE = Automatic;
				CURRENT_PROJECT_VERSION = 1;
				DEVELOPMENT_TEAM = UF7659N6UE;
				GENERATE_INFOPLIST_FILE = YES;
				LD_RUNPATH_SEARCH_PATHS = (
					"$(inherited)",
					"@executable_path/Frameworks",
					"@loader_path/Frameworks",
				);
				MARKETING_VERSION = 1.0;
				PRODUCT_BUNDLE_IDENTIFIER = com.ronak.ChatRoomUITests;
				PRODUCT_NAME = "$(TARGET_NAME)";
				SWIFT_EMIT_LOC_STRINGS = NO;
				SWIFT_VERSION = 5.0;
				TARGETED_DEVICE_FAMILY = "1,2";
				TEST_TARGET_NAME = ChatRoom;
			};
			name = Debug;
		};
		44423B452790A11300E407DD /* Release */ = {
			isa = XCBuildConfiguration;
			buildSettings = {
				ALWAYS_EMBED_SWIFT_STANDARD_LIBRARIES = YES;
				CODE_SIGN_STYLE = Automatic;
				CURRENT_PROJECT_VERSION = 1;
				DEVELOPMENT_TEAM = UF7659N6UE;
				GENERATE_INFOPLIST_FILE = YES;
				LD_RUNPATH_SEARCH_PATHS = (
					"$(inherited)",
					"@executable_path/Frameworks",
					"@loader_path/Frameworks",
				);
				MARKETING_VERSION = 1.0;
				PRODUCT_BUNDLE_IDENTIFIER = com.ronak.ChatRoomUITests;
				PRODUCT_NAME = "$(TARGET_NAME)";
				SWIFT_EMIT_LOC_STRINGS = NO;
				SWIFT_VERSION = 5.0;
				TARGETED_DEVICE_FAMILY = "1,2";
				TEST_TARGET_NAME = ChatRoom;
			};
			name = Release;
		};
/* End XCBuildConfiguration section */

/* Begin XCConfigurationList section */
		44423B142790A11100E407DD /* Build configuration list for PBXProject "ChatRoom" */ = {
			isa = XCConfigurationList;
			buildConfigurations = (
				44423B3B2790A11300E407DD /* Debug */,
				44423B3C2790A11300E407DD /* Release */,
			);
			defaultConfigurationIsVisible = 0;
			defaultConfigurationName = Release;
		};
		44423B3D2790A11300E407DD /* Build configuration list for PBXNativeTarget "ChatRoom" */ = {
			isa = XCConfigurationList;
			buildConfigurations = (
				44423B3E2790A11300E407DD /* Debug */,
				44423B3F2790A11300E407DD /* Release */,
			);
			defaultConfigurationIsVisible = 0;
			defaultConfigurationName = Release;
		};
		44423B402790A11300E407DD /* Build configuration list for PBXNativeTarget "ChatRoomTests" */ = {
			isa = XCConfigurationList;
			buildConfigurations = (
				44423B412790A11300E407DD /* Debug */,
				44423B422790A11300E407DD /* Release */,
			);
			defaultConfigurationIsVisible = 0;
			defaultConfigurationName = Release;
		};
		44423B432790A11300E407DD /* Build configuration list for PBXNativeTarget "ChatRoomUITests" */ = {
			isa = XCConfigurationList;
			buildConfigurations = (
				44423B442790A11300E407DD /* Debug */,
				44423B452790A11300E407DD /* Release */,
			);
			defaultConfigurationIsVisible = 0;
			defaultConfigurationName = Release;
		};
/* End XCConfigurationList section */
	};
	rootObject = 44423B112790A11100E407DD /* Project object */;
}
